
Microsoft Visual Studio Solution File, Format Version 12.00
# Visual Studio Version 17
VisualStudioVersion = 17.9.34728.123
MinimumVisualStudioVersion = 10.0.40219.1
Project("{FAE04EC0-301F-11D3-BF4B-00C04F79EFBC}") = "WebApplication1", "WebApplication1\WebApplication1.csproj", "{BE7FB844-67BD-46CB-B982-F33F04F0E1F4}"
EndProject
Global
	GlobalSection(SolutionConfigurationPlatforms) = preSolution
		Debug|Any CPU = Debug|Any CPU
		Release|Any CPU = Release|Any CPU
	EndGlobalSection
	GlobalSection(ProjectConfigurationPlatforms) = postSolution
		{BE7FB844-67BD-46CB-B982-F33F04F0E1F4}.Debug|Any CPU.ActiveCfg = Debug|Any CPU
		{BE7FB844-67BD-46CB-B982-F33F04F0E1F4}.Debug|Any CPU.Build.0 = Debug|Any CPU
		{BE7FB844-67BD-46CB-B982-F33F04F0E1F4}.Release|Any CPU.ActiveCfg = Release|Any CPU
		{BE7FB844-67BD-46CB-B982-F33F04F0E1F4}.Release|Any CPU.Build.0 = Release|Any CPU
	EndGlobalSection
	GlobalSection(SolutionProperties) = preSolution
		HideSolutionNode = FALSE
	EndGlobalSection
	GlobalSection(ExtensibilityGlobals) = postSolution
		SolutionGuid = {B0D82D95-9EED-478E-A8B8-765251D9F767}
	EndGlobalSection
EndGlobal
